
Microsoft Visual Studio Solution File, Format Version 12.00
# Visual Studio Version 17
VisualStudioVersion = 17.10.34707.107
MinimumVisualStudioVersion = 10.0.40219.1
Project("{9A19103F-16F7-4668-BE54-9A1E7A4F7556}") = "BlazorMechanicallyChallenged", "src\BlazorMechanicallyChallenged\BlazorMechanicallyChallenged.csproj", "{03068C62-E9F0-4BAF-AB4A-D95BA21B50C7}"
EndProject
Project("{2150E333-8FDC-42A3-9474-1A3956D46DE8}") = "Solution Items", "Solution Items", "{630EDFF7-8804-45AF-9B64-213BF2463697}"
	ProjectSection(SolutionItems) = preProject
		README.md = README.md
	EndProjectSection
EndProject
Global
	GlobalSection(SolutionConfigurationPlatforms) = preSolution
		Debug|Any CPU = Debug|Any CPU
		Release|Any CPU = Release|Any CPU
	EndGlobalSection
	GlobalSection(ProjectConfigurationPlatforms) = postSolution
		{03068C62-E9F0-4BAF-AB4A-D95BA21B50C7}.Debug|Any CPU.ActiveCfg = Debug|Any CPU
		{03068C62-E9F0-4BAF-AB4A-D95BA21B50C7}.Debug|Any CPU.Build.0 = Debug|Any CPU
		{03068C62-E9F0-4BAF-AB4A-D95BA21B50C7}.Release|Any CPU.ActiveCfg = Release|Any CPU
		{03068C62-E9F0-4BAF-AB4A-D95BA21B50C7}.Release|Any CPU.Build.0 = Release|Any CPU
	EndGlobalSection
	GlobalSection(SolutionProperties) = preSolution
		HideSolutionNode = FALSE
	EndGlobalSection
	GlobalSection(ExtensibilityGlobals) = postSolution
		SolutionGuid = {A49F6E5D-3656-4B87-B879-0099F9FC7590}
	EndGlobalSection
EndGlobal
